
Microsoft Visual Studio Solution File, Format Version 12.00
# Visual Studio Version 16
VisualStudioVersion = 16.0.29721.120
MinimumVisualStudioVersion = 10.0.40219.1
Project("{FAE04EC0-301F-11D3-BF4B-00C04F79EFBC}") = "WindowDebugger", "WindowDebugger\WindowDebugger.csproj", "{29BD45C3-4086-4145-B7E6-46C09A20870C}"
EndProject
Global
	GlobalSection(SolutionConfigurationPlatforms) = preSolution
		Debug|Any CPU = Debug|Any CPU
		Release|Any CPU = Release|Any CPU
	EndGlobalSection
	GlobalSection(ProjectConfigurationPlatforms) = postSolution
		{29BD45C3-4086-4145-B7E6-46C09A20870C}.Debug|Any CPU.ActiveCfg = Debug|Any CPU
		{29BD45C3-4086-4145-B7E6-46C09A20870C}.Debug|Any CPU.Build.0 = Debug|Any CPU
		{29BD45C3-4086-4145-B7E6-46C09A20870C}.Release|Any CPU.ActiveCfg = Release|Any CPU
		{29BD45C3-4086-4145-B7E6-46C09A20870C}.Release|Any CPU.Build.0 = Release|Any CPU
	EndGlobalSection
	GlobalSection(SolutionProperties) = preSolution
		HideSolutionNode = FALSE
	EndGlobalSection
	GlobalSection(ExtensibilityGlobals) = postSolution
		SolutionGuid = {5F6E3EE3-64DA-4214-8D29-1AEEAD5B0CE3}
	EndGlobalSection
EndGlobal
